
Microsoft Visual Studio Solution File, Format Version 12.00
# Visual Studio Version 16
VisualStudioVersion = 16.0.30907.101
MinimumVisualStudioVersion = 10.0.40219.1
Project("{FAE04EC0-301F-11D3-BF4B-00C04F79EFBC}") = "Instanzenzähler", "Instanzenzähler\Instanzenzähler.csproj", "{EC10B238-24DB-4480-AED6-84CE4AC6092C}"
EndProject
Global
	GlobalSection(SolutionConfigurationPlatforms) = preSolution
		Debug|Any CPU = Debug|Any CPU
		Release|Any CPU = Release|Any CPU
	EndGlobalSection
	GlobalSection(ProjectConfigurationPlatforms) = postSolution
		{EC10B238-24DB-4480-AED6-84CE4AC6092C}.Debug|Any CPU.ActiveCfg = Debug|Any CPU
		{EC10B238-24DB-4480-AED6-84CE4AC6092C}.Debug|Any CPU.Build.0 = Debug|Any CPU
		{EC10B238-24DB-4480-AED6-84CE4AC6092C}.Release|Any CPU.ActiveCfg = Release|Any CPU
		{EC10B238-24DB-4480-AED6-84CE4AC6092C}.Release|Any CPU.Build.0 = Release|Any CPU
	EndGlobalSection
	GlobalSection(SolutionProperties) = preSolution
		HideSolutionNode = FALSE
	EndGlobalSection
	GlobalSection(ExtensibilityGlobals) = postSolution
		SolutionGuid = {94C78422-B70C-4269-9763-7EACD8965B89}
	EndGlobalSection
EndGlobal
