
Microsoft Visual Studio Solution File, Format Version 12.00
# Visual Studio Version 16
VisualStudioVersion = 16.0.30907.101
MinimumVisualStudioVersion = 10.0.40219.1
Project("{FAE04EC0-301F-11D3-BF4B-00C04F79EFBC}") = "Zahlenspeicher", "Zahlenspeicher\Zahlenspeicher.csproj", "{663FE1BD-75D4-45DC-9D7F-DA7FF6235C91}"
EndProject
Global
	GlobalSection(SolutionConfigurationPlatforms) = preSolution
		Debug|Any CPU = Debug|Any CPU
		Release|Any CPU = Release|Any CPU
	EndGlobalSection
	GlobalSection(ProjectConfigurationPlatforms) = postSolution
		{663FE1BD-75D4-45DC-9D7F-DA7FF6235C91}.Debug|Any CPU.ActiveCfg = Debug|Any CPU
		{663FE1BD-75D4-45DC-9D7F-DA7FF6235C91}.Debug|Any CPU.Build.0 = Debug|Any CPU
		{663FE1BD-75D4-45DC-9D7F-DA7FF6235C91}.Release|Any CPU.ActiveCfg = Release|Any CPU
		{663FE1BD-75D4-45DC-9D7F-DA7FF6235C91}.Release|Any CPU.Build.0 = Release|Any CPU
	EndGlobalSection
	GlobalSection(SolutionProperties) = preSolution
		HideSolutionNode = FALSE
	EndGlobalSection
	GlobalSection(ExtensibilityGlobals) = postSolution
		SolutionGuid = {6B0A0D7F-F8D7-45B2-9C24-09D3466C7760}
	EndGlobalSection
EndGlobal
